
Microsoft Visual Studio Solution File, Format Version 12.00
# Visual Studio Version 17
VisualStudioVersion = 17.0.31903.59
MinimumVisualStudioVersion = 10.0.40219.1
Project("{2150E333-8FDC-42A3-9474-1A3956D46DE8}") = "Tests", "Tests", "{A740BA2A-1966-412F-8DE1-D1F5E8327BF7}"
EndProject
Project("{FAE04EC0-301F-11D3-BF4B-00C04F79EFBC}") = "Aquadata.UnitTests", "Tests\Unit\Aquadata.UnitTests.csproj", "{DD653B51-DBEE-4A53-A0BE-29B20EA930AB}"
EndProject
Project("{2150E333-8FDC-42A3-9474-1A3956D46DE8}") = "Src", "Src", "{59CFD4E9-18F5-4615-A2AD-8809F3BB38AB}"
EndProject
Project("{FAE04EC0-301F-11D3-BF4B-00C04F79EFBC}") = "Aquadata.Core", "Src\Core\Aquadata.Core.csproj", "{C1243059-08AA-40D0-80D0-4A354E4FDDDD}"
EndProject
Global
	GlobalSection(SolutionConfigurationPlatforms) = preSolution
		Debug|Any CPU = Debug|Any CPU
		Release|Any CPU = Release|Any CPU
	EndGlobalSection
	GlobalSection(SolutionProperties) = preSolution
		HideSolutionNode = FALSE
	EndGlobalSection
	GlobalSection(ProjectConfigurationPlatforms) = postSolution
		{DD653B51-DBEE-4A53-A0BE-29B20EA930AB}.Debug|Any CPU.ActiveCfg = Debug|Any CPU
		{DD653B51-DBEE-4A53-A0BE-29B20EA930AB}.Debug|Any CPU.Build.0 = Debug|Any CPU
		{DD653B51-DBEE-4A53-A0BE-29B20EA930AB}.Release|Any CPU.ActiveCfg = Release|Any CPU
		{DD653B51-DBEE-4A53-A0BE-29B20EA930AB}.Release|Any CPU.Build.0 = Release|Any CPU
		{C1243059-08AA-40D0-80D0-4A354E4FDDDD}.Debug|Any CPU.ActiveCfg = Debug|Any CPU
		{C1243059-08AA-40D0-80D0-4A354E4FDDDD}.Debug|Any CPU.Build.0 = Debug|Any CPU
		{C1243059-08AA-40D0-80D0-4A354E4FDDDD}.Release|Any CPU.ActiveCfg = Release|Any CPU
		{C1243059-08AA-40D0-80D0-4A354E4FDDDD}.Release|Any CPU.Build.0 = Release|Any CPU
	EndGlobalSection
	GlobalSection(NestedProjects) = preSolution
		{DD653B51-DBEE-4A53-A0BE-29B20EA930AB} = {A740BA2A-1966-412F-8DE1-D1F5E8327BF7}
		{C1243059-08AA-40D0-80D0-4A354E4FDDDD} = {59CFD4E9-18F5-4615-A2AD-8809F3BB38AB}
	EndGlobalSection
EndGlobal
